
Microsoft Visual Studio Solution File, Format Version 12.00
# Visual Studio Version 17
VisualStudioVersion = 17.4.33213.308
MinimumVisualStudioVersion = 10.0.40219.1
Project("{9A19103F-16F7-4668-BE54-9A1E7A4F7556}") = "General", "General\General.csproj", "{EF2E7BB7-83FE-4BAA-8174-B282D067450E}"
EndProject
Project("{FAE04EC0-301F-11D3-BF4B-00C04F79EFBC}") = "General.Tests", "General.Tests\General.Tests.csproj", "{95C2190F-3179-45F1-B204-FCCC2DEE7D91}"
EndProject
Global
	GlobalSection(SolutionConfigurationPlatforms) = preSolution
		Debug|Any CPU = Debug|Any CPU
		Release|Any CPU = Release|Any CPU
	EndGlobalSection
	GlobalSection(ProjectConfigurationPlatforms) = postSolution
		{EF2E7BB7-83FE-4BAA-8174-B282D067450E}.Debug|Any CPU.ActiveCfg = Debug|Any CPU
		{EF2E7BB7-83FE-4BAA-8174-B282D067450E}.Debug|Any CPU.Build.0 = Debug|Any CPU
		{EF2E7BB7-83FE-4BAA-8174-B282D067450E}.Release|Any CPU.ActiveCfg = Release|Any CPU
		{EF2E7BB7-83FE-4BAA-8174-B282D067450E}.Release|Any CPU.Build.0 = Release|Any CPU
		{95C2190F-3179-45F1-B204-FCCC2DEE7D91}.Debug|Any CPU.ActiveCfg = Debug|Any CPU
		{95C2190F-3179-45F1-B204-FCCC2DEE7D91}.Debug|Any CPU.Build.0 = Debug|Any CPU
		{95C2190F-3179-45F1-B204-FCCC2DEE7D91}.Release|Any CPU.ActiveCfg = Release|Any CPU
		{95C2190F-3179-45F1-B204-FCCC2DEE7D91}.Release|Any CPU.Build.0 = Release|Any CPU
	EndGlobalSection
	GlobalSection(SolutionProperties) = preSolution
		HideSolutionNode = FALSE
	EndGlobalSection
	GlobalSection(ExtensibilityGlobals) = postSolution
		SolutionGuid = {AD693BBE-3BBE-48DA-AB31-C7D837504352}
	EndGlobalSection
EndGlobal
